
Microsoft Visual Studio Solution File, Format Version 12.00
# Visual Studio Version 16
VisualStudioVersion = 16.0.31702.278
MinimumVisualStudioVersion = 10.0.40219.1
Project("{FAE04EC0-301F-11D3-BF4B-00C04F79EFBC}") = "RabbitMQProducer", "RabbitMQProducer.csproj", "{B070BD36-B428-4FDA-8E58-96D911BEAFB4}"
EndProject
Global
	GlobalSection(SolutionConfigurationPlatforms) = preSolution
		Debug|Any CPU = Debug|Any CPU
		Release|Any CPU = Release|Any CPU
	EndGlobalSection
	GlobalSection(ProjectConfigurationPlatforms) = postSolution
		{B070BD36-B428-4FDA-8E58-96D911BEAFB4}.Debug|Any CPU.ActiveCfg = Debug|Any CPU
		{B070BD36-B428-4FDA-8E58-96D911BEAFB4}.Debug|Any CPU.Build.0 = Debug|Any CPU
		{B070BD36-B428-4FDA-8E58-96D911BEAFB4}.Release|Any CPU.ActiveCfg = Release|Any CPU
		{B070BD36-B428-4FDA-8E58-96D911BEAFB4}.Release|Any CPU.Build.0 = Release|Any CPU
	EndGlobalSection
	GlobalSection(SolutionProperties) = preSolution
		HideSolutionNode = FALSE
	EndGlobalSection
	GlobalSection(ExtensibilityGlobals) = postSolution
		SolutionGuid = {93B3DD07-D135-4030-965F-94994620B87E}
	EndGlobalSection
EndGlobal
